PODS:
  - DLPageView-swift (0.1.0)

DEPENDENCIES:
  - DLPageView-swift (from `../`)

EXTERNAL SOURCES:
  DLPageView-swift:
    :path: ../

SPEC CHECKSUMS:
  DLPageView-swift: 22b264dd2e7a3a5caf5ccb0af13473278dca0795

PODFILE CHECKSUM: a4b64727274c57fabf1162e438c0a8a92a85b727

COCOAPODS: 1.4.0.beta.1
